// !$*UTF8*$!
{
	archiveVersion = 1;
	classes = {
	};
	objectVersion = 77;
	objects = {

/* Begin PBXBuildFile section */
		A5B014292D66A9B100DAEE94 /* ComposableArchitecture in Frameworks */ = {isa = PBXBuildFile; productRef = A5B014282D66A9B100DAEE94 /* ComposableArchitecture */; };
		A5BD99B42D850CC7004D8C06 /* Lottie in Frameworks */ = {isa = PBXBuildFile; productRef = A5BD99B32D850CC7004D8C06 /* Lottie */; };
/* End PBXBuildFile section */

/* Begin PBXContainerItemProxy section */
		A582D3FE2D5C0A7D00B0EF04 /* PBXContainerItemProxy */ = {
			isa = PBXContainerItemProxy;
			containerPortal = A582D3E32D5C0A7B00B0EF04 /* Project object */;
			proxyType = 1;
			remoteGlobalIDString = A582D3EA2D5C0A7B00B0EF04;
			remoteInfo = PerfectFit;
		};
		A582D4082D5C0A7D00B0EF04 /* PBXContainerItemProxy */ = {
			isa = PBXContainerItemProxy;
			containerPortal = A582D3E32D5C0A7B00B0EF04 /* Project object */;
			proxyType = 1;
			remoteGlobalIDString = A582D3EA2D5C0A7B00B0EF04;
			remoteInfo = PerfectFit;
		};
/* End PBXContainerItemProxy section */

/* Begin PBXFileReference section */
		A582D3EB2D5C0A7B00B0EF04 /* PerfectFit.app */ = {isa = PBXFileReference; explicitFileType = wrapper.application; includeInIndex = 0; path = PerfectFit.app; sourceTree = BUILT_PRODUCTS_DIR; };
		A582D3FD2D5C0A7D00B0EF04 /* PerfectFitTests.xctest */ = {isa = PBXFileReference; explicitFileType = wrapper.cfbundle; includeInIndex = 0; path = PerfectFitTests.xctest; sourceTree = BUILT_PRODUCTS_DIR; };
		A582D4072D5C0A7D00B0EF04 /* PerfectFitUITests.xctest */ = {isa = PBXFileReference; explicitFileType = wrapper.cfbundle; includeInIndex = 0; path = PerfectFitUITests.xctest; sourceTree = BUILT_PRODUCTS_DIR; };
/* End PBXFileReference section */

/* Begin PBXFileSystemSynchronizedBuildFileExceptionSet section */
		A5B0142B2D66B5D600DAEE94 /* Exceptions for "PerfectFit" folder in "PerfectFit" target */ = {
			isa = PBXFileSystemSynchronizedBuildFileExceptionSet;
			membershipExceptions = (
				Info.plist,
			);
			target = A582D3EA2D5C0A7B00B0EF04 /* PerfectFit */;
		};
/* End PBXFileSystemSynchronizedBuildFileExceptionSet section */

/* Begin PBXFileSystemSynchronizedRootGroup section */
		A582D3ED2D5C0A7B00B0EF04 /* PerfectFit */ = {
			isa = PBXFileSystemSynchronizedRootGroup;
			exceptions = (
				A5B0142B2D66B5D600DAEE94 /* Exceptions for "PerfectFit" folder in "PerfectFit" target */,
			);
			path = PerfectFit;
			sourceTree = "<group>";
		};
		A582D4002D5C0A7D00B0EF04 /* PerfectFitTests */ = {
			isa = PBXFileSystemSynchronizedRootGroup;
			path = PerfectFitTests;
			sourceTree = "<group>";
		};
		A582D40A2D5C0A7D00B0EF04 /* PerfectFitUITests */ = {
			isa = PBXFileSystemSynchronizedRootGroup;
			path = PerfectFitUITests;
			sourceTree = "<group>";
		};
/* End PBXFileSystemSynchronizedRootGroup section */

/* Begin PBXFrameworksBuildPhase section */
		A582D3E82D5C0A7B00B0EF04 /* Frameworks */ = {
			isa = PBXFrameworksBuildPhase;
			buildActionMask = 2147483647;
			files = (
				A5B014292D66A9B100DAEE94 /* ComposableArchitecture in Frameworks */,
				A5BD99B42D850CC7004D8C06 /* Lottie in Frameworks */,
			);
			runOnlyForDeploymentPostprocessing = 0;
		};
		A582D3FA2D5C0A7D00B0EF04 /* Frameworks */ = {
			isa = PBXFrameworksBuildPhase;
			buildActionMask = 2147483647;
			files = (
			);
			runOnlyForDeploymentPostprocessing = 0;
		};
		A582D4042D5C0A7D00B0EF04 /* Frameworks */ = {
			isa = PBXFrameworksBuildPhase;
			buildActionMask = 2147483647;
			files = (
			);
			runOnlyForDeploymentPostprocessing = 0;
		};
/* End PBXFrameworksBuildPhase section */

/* Begin PBXGroup section */
		A582D3E22D5C0A7B00B0EF04 = {
			isa = PBXGroup;
			children = (
				A582D3ED2D5C0A7B00B0EF04 /* PerfectFit */,
				A582D4002D5C0A7D00B0EF04 /* PerfectFitTests */,
				A582D40A2D5C0A7D00B0EF04 /* PerfectFitUITests */,
				A5B014272D66A9B100DAEE94 /* Frameworks */,
				A582D3EC2D5C0A7B00B0EF04 /* Products */,
			);
			sourceTree = "<group>";
		};
		A582D3EC2D5C0A7B00B0EF04 /* Products */ = {
			isa = PBXGroup;
			children = (
				A582D3EB2D5C0A7B00B0EF04 /* PerfectFit.app */,
				A582D3FD2D5C0A7D00B0EF04 /* PerfectFitTests.xctest */,
				A582D4072D5C0A7D00B0EF04 /* PerfectFitUITests.xctest */,
			);
			name = Products;
			sourceTree = "<group>";
		};
		A5B014272D66A9B100DAEE94 /* Frameworks */ = {
			isa = PBXGroup;
			children = (
			);
			name = Frameworks;
			sourceTree = "<group>";
		};
/* End PBXGroup section */

/* Begin PBXNativeTarget section */
		A582D3EA2D5C0A7B00B0EF04 /* PerfectFit */ = {
			isa = PBXNativeTarget;
			buildConfigurationList = A582D4112D5C0A7D00B0EF04 /* Build configuration list for PBXNativeTarget "PerfectFit" */;
			buildPhases = (
				A582D3E72D5C0A7B00B0EF04 /* Sources */,
				A582D3E82D5C0A7B00B0EF04 /* Frameworks */,
				A582D3E92D5C0A7B00B0EF04 /* Resources */,
			);
			buildRules = (
			);
			dependencies = (
			);
			fileSystemSynchronizedGroups = (
				A582D3ED2D5C0A7B00B0EF04 /* PerfectFit */,
			);
			name = PerfectFit;
			packageProductDependencies = (
				A5B014282D66A9B100DAEE94 /* ComposableArchitecture */,
				A5BD99B32D850CC7004D8C06 /* Lottie */,
			);
			productName = PerfectFit;
			productReference = A582D3EB2D5C0A7B00B0EF04 /* PerfectFit.app */;
			productType = "com.apple.product-type.application";
		};
		A582D3FC2D5C0A7D00B0EF04 /* PerfectFitTests */ = {
			isa = PBXNativeTarget;
			buildConfigurationList = A582D4142D5C0A7D00B0EF04 /* Build configuration list for PBXNativeTarget "PerfectFitTests" */;
			buildPhases = (
				A582D3F92D5C0A7D00B0EF04 /* Sources */,
				A582D3FA2D5C0A7D00B0EF04 /* Frameworks */,
				A582D3FB2D5C0A7D00B0EF04 /* Resources */,
			);
			buildRules = (
			);
			dependencies = (
				A582D3FF2D5C0A7D00B0EF04 /* PBXTargetDependency */,
			);
			fileSystemSynchronizedGroups = (
				A582D4002D5C0A7D00B0EF04 /* PerfectFitTests */,
			);
			name = PerfectFitTests;
			packageProductDependencies = (
			);
			productName = PerfectFitTests;
			productReference = A582D3FD2D5C0A7D00B0EF04 /* PerfectFitTests.xctest */;
			productType = "com.apple.product-type.bundle.unit-test";
		};
		A582D4062D5C0A7D00B0EF04 /* PerfectFitUITests */ = {
			isa = PBXNativeTarget;
			buildConfigurationList = A582D4172D5C0A7D00B0EF04 /* Build configuration list for PBXNativeTarget "PerfectFitUITests" */;
			buildPhases = (
				A582D4032D5C0A7D00B0EF04 /* Sources */,
				A582D4042D5C0A7D00B0EF04 /* Frameworks */,
				A582D4052D5C0A7D00B0EF04 /* Resources */,
			);
			buildRules = (
			);
			dependencies = (
				A582D4092D5C0A7D00B0EF04 /* PBXTargetDependency */,
			);
			fileSystemSynchronizedGroups = (
				A582D40A2D5C0A7D00B0EF04 /* PerfectFitUITests */,
			);
			name = PerfectFitUITests;
			packageProductDependencies = (
			);
			productName = PerfectFitUITests;
			productReference = A582D4072D5C0A7D00B0EF04 /* PerfectFitUITests.xctest */;
			productType = "com.apple.product-type.bundle.ui-testing";
		};
/* End PBXNativeTarget section */

/* Begin PBXProject section */
		A582D3E32D5C0A7B00B0EF04 /* Project object */ = {
			isa = PBXProject;
			attributes = {
				BuildIndependentTargetsInParallel = 1;
				LastSwiftUpdateCheck = 1620;
				LastUpgradeCheck = 1620;
				TargetAttributes = {
					A582D3EA2D5C0A7B00B0EF04 = {
						CreatedOnToolsVersion = 16.2;
					};
					A582D3FC2D5C0A7D00B0EF04 = {
						CreatedOnToolsVersion = 16.2;
						TestTargetID = A582D3EA2D5C0A7B00B0EF04;
					};
					A582D4062D5C0A7D00B0EF04 = {
						CreatedOnToolsVersion = 16.2;
						TestTargetID = A582D3EA2D5C0A7B00B0EF04;
					};
				};
			};
			buildConfigurationList = A582D3E62D5C0A7B00B0EF04 /* Build configuration list for PBXProject "PerfectFit" */;
			developmentRegion = en;
			hasScannedForEncodings = 0;
			knownRegions = (
				en,
				Base,
			);
			mainGroup = A582D3E22D5C0A7B00B0EF04;
			minimizedProjectReferenceProxies = 1;
			packageReferences = (
				A5B014262D66A98D00DAEE94 /* XCRemoteSwiftPackageReference "swift-composable-architecture" */,
				A5BD99B02D850AAE004D8C06 /* XCRemoteSwiftPackageReference "lottie-ios" */,
			);
			preferredProjectObjectVersion = 77;
			productRefGroup = A582D3EC2D5C0A7B00B0EF04 /* Products */;
			projectDirPath = "";
			projectRoot = "";
			targets = (
				A582D3EA2D5C0A7B00B0EF04 /* PerfectFit */,
				A582D3FC2D5C0A7D00B0EF04 /* PerfectFitTests */,
				A582D4062D5C0A7D00B0EF04 /* PerfectFitUITests */,
			);
		};
/* End PBXProject section */

/* Begin PBXResourcesBuildPhase section */
		A582D3E92D5C0A7B00B0EF04 /* Resources */ = {
			isa = PBXResourcesBuildPhase;
			buildActionMask = 2147483647;
			files = (
			);
			runOnlyForDeploymentPostprocessing = 0;
		};
		A582D3FB2D5C0A7D00B0EF04 /* Resources */ = {
			isa = PBXResourcesBuildPhase;
			buildActionMask = 2147483647;
			files = (
			);
			runOnlyForDeploymentPostprocessing = 0;
		};
		A582D4052D5C0A7D00B0EF04 /* Resources */ = {
			isa = PBXResourcesBuildPhase;
			buildActionMask = 2147483647;
			files = (
			);
			runOnlyForDeploymentPostprocessing = 0;
		};
/* End PBXResourcesBuildPhase section */

/* Begin PBXSourcesBuildPhase section */
		A582D3E72D5C0A7B00B0EF04 /* Sources */ = {
			isa = PBXSourcesBuildPhase;
			buildActionMask = 2147483647;
			files = (
			);
			runOnlyForDeploymentPostprocessing = 0;
		};
		A582D3F92D5C0A7D00B0EF04 /* Sources */ = {
			isa = PBXSourcesBuildPhase;
			buildActionMask = 2147483647;
			files = (
			);
			runOnlyForDeploymentPostprocessing = 0;
		};
		A582D4032D5C0A7D00B0EF04 /* Sources */ = {
			isa = PBXSourcesBuildPhase;
			buildActionMask = 2147483647;
			files = (
			);
			runOnlyForDeploymentPostprocessing = 0;
		};
/* End PBXSourcesBuildPhase section */

/* Begin PBXTargetDependency section */
		A582D3FF2D5C0A7D00B0EF04 /* PBXTargetDependency */ = {
			isa = PBXTargetDependency;
			target = A582D3EA2D5C0A7B00B0EF04 /* PerfectFit */;
			targetProxy = A582D3FE2D5C0A7D00B0EF04 /* PBXContainerItemProxy */;
		};
		A582D4092D5C0A7D00B0EF04 /* PBXTargetDependency */ = {
			isa = PBXTargetDependency;
			target = A582D3EA2D5C0A7B00B0EF04 /* PerfectFit */;
			targetProxy = A582D4082D5C0A7D00B0EF04 /* PBXContainerItemProxy */;
		};
/* End PBXTargetDependency section */

/* Begin XCBuildConfiguration section */
		A582D40F2D5C0A7D00B0EF04 /* Debug */ = {
			isa = XCBuildConfiguration;
			buildSettings = {
				ALWAYS_SEARCH_USER_PATHS = NO;
				ASSETCATALOG_COMPILER_GENERATE_SWIFT_ASSET_SYMBOL_EXTENSIONS = YES;
				CLANG_ANALYZER_NONNULL = YES;
				CLANG_ANALYZER_NUMBER_OBJECT_CONVERSION = YES_AGGRESSIVE;
				CLANG_CXX_LANGUAGE_STANDARD = "gnu++20";
				CLANG_ENABLE_MODULES = YES;
				CLANG_ENABLE_OBJC_ARC = YES;
				CLANG_ENABLE_OBJC_WEAK = YES;
				CLANG_WARN_BLOCK_CAPTURE_AUTORELEASING = YES;
				CLANG_WARN_BOOL_CONVERSION = YES;
				CLANG_WARN_COMMA = YES;
				CLANG_WARN_CONSTANT_CONVERSION = YES;
				CLANG_WARN_DEPRECATED_OBJC_IMPLEMENTATIONS = YES;
				CLANG_WARN_DIRECT_OBJC_ISA_USAGE = YES_ERROR;
				CLANG_WARN_DOCUMENTATION_COMMENTS = YES;
				CLANG_WARN_EMPTY_BODY = YES;
				CLANG_WARN_ENUM_CONVERSION = YES;
				CLANG_WARN_INFINITE_RECURSION = YES;
				CLANG_WARN_INT_CONVERSION = YES;
				CLANG_WARN_NON_LITERAL_NULL_CONVERSION = YES;
				CLANG_WARN_OBJC_IMPLICIT_RETAIN_SELF = YES;
				CLANG_WARN_OBJC_LITERAL_CONVERSION = YES;
				CLANG_WARN_OBJC_ROOT_CLASS = YES_ERROR;
				CLANG_WARN_QUOTED_INCLUDE_IN_FRAMEWORK_HEADER = YES;
				CLANG_WARN_RANGE_LOOP_ANALYSIS = YES;
				CLANG_WARN_STRICT_PROTOTYPES = YES;
				CLANG_WARN_SUSPICIOUS_MOVE = YES;
				CLANG_WARN_UNGUARDED_AVAILABILITY = YES_AGGRESSIVE;
				CLANG_WARN_UNREACHABLE_CODE = YES;
				CLANG_WARN__DUPLICATE_METHOD_MATCH = YES;
				COPY_PHASE_STRIP = NO;
				DEBUG_INFORMATION_FORMAT = dwarf;
				ENABLE_STRICT_OBJC_MSGSEND = YES;
				ENABLE_TESTABILITY = YES;
				ENABLE_USER_SCRIPT_SANDBOXING = YES;
				GCC_C_LANGUAGE_STANDARD = gnu17;
				GCC_DYNAMIC_NO_PIC = NO;
				GCC_NO_COMMON_BLOCKS = YES;
				GCC_OPTIMIZATION_LEVEL = 0;
				GCC_PREPROCESSOR_DEFINITIONS = (
					"DEBUG=1",
					"$(inherited)",
				);
				GCC_WARN_64_TO_32_BIT_CONVERSION = YES;
				GCC_WARN_ABOUT_RETURN_TYPE = YES_ERROR;
				GCC_WARN_UNDECLARED_SELECTOR = YES;
				GCC_WARN_UNINITIALIZED_AUTOS = YES_AGGRESSIVE;
				GCC_WARN_UNUSED_FUNCTION = YES;
				GCC_WARN_UNUSED_VARIABLE = YES;
				IPHONEOS_DEPLOYMENT_TARGET = 18.2;
				LOCALIZATION_PREFERS_STRING_CATALOGS = YES;
				MTL_ENABLE_DEBUG_INFO = INCLUDE_SOURCE;
				MTL_FAST_MATH = YES;
				ONLY_ACTIVE_ARCH = YES;
				SDKROOT = iphoneos;
				SWIFT_ACTIVE_COMPILATION_CONDITIONS = "DEBUG $(inherited)";
				SWIFT_OPTIMIZATION_LEVEL = "-Onone";
			};
			name = Debug;
		};
		A582D4102D5C0A7D00B0EF04 /* Release */ = {
			isa = XCBuildConfiguration;
			buildSettings = {
				ALWAYS_SEARCH_USER_PATHS = NO;
				ASSETCATALOG_COMPILER_GENERATE_SWIFT_ASSET_SYMBOL_EXTENSIONS = YES;
				CLANG_ANALYZER_NONNULL = YES;
				CLANG_ANALYZER_NUMBER_OBJECT_CONVERSION = YES_AGGRESSIVE;
				CLANG_CXX_LANGUAGE_STANDARD = "gnu++20";
				CLANG_ENABLE_MODULES = YES;
				CLANG_ENABLE_OBJC_ARC = YES;
				CLANG_ENABLE_OBJC_WEAK = YES;
				CLANG_WARN_BLOCK_CAPTURE_AUTORELEASING = YES;
				CLANG_WARN_BOOL_CONVERSION = YES;
				CLANG_WARN_COMMA = YES;
				CLANG_WARN_CONSTANT_CONVERSION = YES;
				CLANG_WARN_DEPRECATED_OBJC_IMPLEMENTATIONS = YES;
				CLANG_WARN_DIRECT_OBJC_ISA_USAGE = YES_ERROR;
				CLANG_WARN_DOCUMENTATION_COMMENTS = YES;
				CLANG_WARN_EMPTY_BODY = YES;
				CLANG_WARN_ENUM_CONVERSION = YES;
				CLANG_WARN_INFINITE_RECURSION = YES;
				CLANG_WARN_INT_CONVERSION = YES;
				CLANG_WARN_NON_LITERAL_NULL_CONVERSION = YES;
				CLANG_WARN_OBJC_IMPLICIT_RETAIN_SELF = YES;
				CLANG_WARN_OBJC_LITERAL_CONVERSION = YES;
				CLANG_WARN_OBJC_ROOT_CLASS = YES_ERROR;
				CLANG_WARN_QUOTED_INCLUDE_IN_FRAMEWORK_HEADER = YES;
				CLANG_WARN_RANGE_LOOP_ANALYSIS = YES;
				CLANG_WARN_STRICT_PROTOTYPES = YES;
				CLANG_WARN_SUSPICIOUS_MOVE = YES;
				CLANG_WARN_UNGUARDED_AVAILABILITY = YES_AGGRESSIVE;
				CLANG_WARN_UNREACHABLE_CODE = YES;
				CLANG_WARN__DUPLICATE_METHOD_MATCH = YES;
				COPY_PHASE_STRIP = NO;
				DEBUG_INFORMATION_FORMAT = "dwarf-with-dsym";
				ENABLE_NS_ASSERTIONS = NO;
				ENABLE_STRICT_OBJC_MSGSEND = YES;
				ENABLE_USER_SCRIPT_SANDBOXING = YES;
				GCC_C_LANGUAGE_STANDARD = gnu17;
				GCC_NO_COMMON_BLOCKS = YES;
				GCC_WARN_64_TO_32_BIT_CONVERSION = YES;
				GCC_WARN_ABOUT_RETURN_TYPE = YES_ERROR;
				GCC_WARN_UNDECLARED_SELECTOR = YES;
				GCC_WARN_UNINITIALIZED_AUTOS = YES_AGGRESSIVE;
				GCC_WARN_UNUSED_FUNCTION = YES;
				GCC_WARN_UNUSED_VARIABLE = YES;
				IPHONEOS_DEPLOYMENT_TARGET = 18.2;
				LOCALIZATION_PREFERS_STRING_CATALOGS = YES;
				MTL_ENABLE_DEBUG_INFO = NO;
				MTL_FAST_MATH = YES;
				SDKROOT = iphoneos;
				SWIFT_COMPILATION_MODE = wholemodule;
				VALIDATE_PRODUCT = YES;
			};
			name = Release;
		};
		A582D4122D5C0A7D00B0EF04 /* Debug */ = {
			isa = XCBuildConfiguration;
			buildSettings = {
				ASSETCATALOG_COMPILER_APPICON_NAME = AppIcon;
				ASSETCATALOG_COMPILER_GLOBAL_ACCENT_COLOR_NAME = AccentColor;
				CODE_SIGN_STYLE = Automatic;
				CURRENT_PROJECT_VERSION = 1;
				DEVELOPMENT_ASSET_PATHS = "\"PerfectFit/Preview Content\"";
				DEVELOPMENT_TEAM = QW8SY24C8U;
				ENABLE_PREVIEWS = YES;
				GENERATE_INFOPLIST_FILE = YES;
				INFOPLIST_FILE = PerfectFit/Info.plist;
				INFOPLIST_KEY_UIApplicationSceneManifest_Generation = YES;
				INFOPLIST_KEY_UIApplicationSupportsIndirectInputEvents = YES;
				INFOPLIST_KEY_UILaunchScreen_Generation = YES;
				INFOPLIST_KEY_UISupportedInterfaceOrientations_iPad = "UIInterfaceOrientationPortrait UIInterfaceOrientationPortraitUpsideDown UIInterfaceOrientationLandscapeLeft UIInterfaceOrientationLandscapeRight";
				INFOPLIST_KEY_UISupportedInterfaceOrientations_iPhone = "UIInterfaceOrientationPortrait UIInterfaceOrientationLandscapeLeft UIInterfaceOrientationLandscapeRight";
				LD_RUNPATH_SEARCH_PATHS = (
					"$(inherited)",
					"@executable_path/Frameworks",
				);
				MARKETING_VERSION = 1.0;
				PRODUCT_BUNDLE_IDENTIFIER = dmoney.PerfectFit;
				PRODUCT_NAME = "$(TARGET_NAME)";
				SWIFT_EMIT_LOC_STRINGS = YES;
				SWIFT_VERSION = 5.0;
				TARGETED_DEVICE_FAMILY = "1,2";
			};
			name = Debug;
		};
		A582D4132D5C0A7D00B0EF04 /* Release */ = {
			isa = XCBuildConfiguration;
			buildSettings = {
				ASSETCATALOG_COMPILER_APPICON_NAME = AppIcon;
				ASSETCATALOG_COMPILER_GLOBAL_ACCENT_COLOR_NAME = AccentColor;
				CODE_SIGN_STYLE = Automatic;
				CURRENT_PROJECT_VERSION = 1;
				DEVELOPMENT_ASSET_PATHS = "\"PerfectFit/Preview Content\"";
				DEVELOPMENT_TEAM = QW8SY24C8U;
				ENABLE_PREVIEWS = YES;
				GENERATE_INFOPLIST_FILE = YES;
				INFOPLIST_FILE = PerfectFit/Info.plist;
				INFOPLIST_KEY_UIApplicationSceneManifest_Generation = YES;
				INFOPLIST_KEY_UIApplicationSupportsIndirectInputEvents = YES;
				INFOPLIST_KEY_UILaunchScreen_Generation = YES;
				INFOPLIST_KEY_UISupportedInterfaceOrientations_iPad = "UIInterfaceOrientationPortrait UIInterfaceOrientationPortraitUpsideDown UIInterfaceOrientationLandscapeLeft UIInterfaceOrientationLandscapeRight";
				INFOPLIST_KEY_UISupportedInterfaceOrientations_iPhone = "UIInterfaceOrientationPortrait UIInterfaceOrientationLandscapeLeft UIInterfaceOrientationLandscapeRight";
				LD_RUNPATH_SEARCH_PATHS = (
					"$(inherited)",
					"@executable_path/Frameworks",
				);
				MARKETING_VERSION = 1.0;
				PRODUCT_BUNDLE_IDENTIFIER = dmoney.PerfectFit;
				PRODUCT_NAME = "$(TARGET_NAME)";
				SWIFT_EMIT_LOC_STRINGS = YES;
				SWIFT_VERSION = 5.0;
				TARGETED_DEVICE_FAMILY = "1,2";
			};
			name = Release;
		};
		A582D4152D5C0A7D00B0EF04 /* Debug */ = {
			isa = XCBuildConfiguration;
			buildSettings = {
				BUNDLE_LOADER = "$(TEST_HOST)";
				CODE_SIGN_STYLE = Automatic;
				CURRENT_PROJECT_VERSION = 1;
				DEVELOPMENT_TEAM = QW8SY24C8U;
				GENERATE_INFOPLIST_FILE = YES;
				IPHONEOS_DEPLOYMENT_TARGET = 18.2;
				MARKETING_VERSION = 1.0;
				PRODUCT_BUNDLE_IDENTIFIER = dmoney.PerfectFitTests;
				PRODUCT_NAME = "$(TARGET_NAME)";
				SWIFT_EMIT_LOC_STRINGS = NO;
				SWIFT_VERSION = 5.0;
				TARGETED_DEVICE_FAMILY = "1,2";
				TEST_HOST = "$(BUILT_PRODUCTS_DIR)/PerfectFit.app/$(BUNDLE_EXECUTABLE_FOLDER_PATH)/PerfectFit";
			};
			name = Debug;
		};
		A582D4162D5C0A7D00B0EF04 /* Release */ = {
			isa = XCBuildConfiguration;
			buildSettings = {
				BUNDLE_LOADER = "$(TEST_HOST)";
				CODE_SIGN_STYLE = Automatic;
				CURRENT_PROJECT_VERSION = 1;
				DEVELOPMENT_TEAM = QW8SY24C8U;
				GENERATE_INFOPLIST_FILE = YES;
				IPHONEOS_DEPLOYMENT_TARGET = 18.2;
				MARKETING_VERSION = 1.0;
				PRODUCT_BUNDLE_IDENTIFIER = dmoney.PerfectFitTests;
				PRODUCT_NAME = "$(TARGET_NAME)";
				SWIFT_EMIT_LOC_STRINGS = NO;
				SWIFT_VERSION = 5.0;
				TARGETED_DEVICE_FAMILY = "1,2";
				TEST_HOST = "$(BUILT_PRODUCTS_DIR)/PerfectFit.app/$(BUNDLE_EXECUTABLE_FOLDER_PATH)/PerfectFit";
			};
			name = Release;
		};
		A582D4182D5C0A7D00B0EF04 /* Debug */ = {
			isa = XCBuildConfiguration;
			buildSettings = {
				CODE_SIGN_STYLE = Automatic;
				CURRENT_PROJECT_VERSION = 1;
				DEVELOPMENT_TEAM = QW8SY24C8U;
				GENERATE_INFOPLIST_FILE = YES;
				MARKETING_VERSION = 1.0;
				PRODUCT_BUNDLE_IDENTIFIER = dmoney.PerfectFitUITests;
				PRODUCT_NAME = "$(TARGET_NAME)";
				SWIFT_EMIT_LOC_STRINGS = NO;
				SWIFT_VERSION = 5.0;
				TARGETED_DEVICE_FAMILY = "1,2";
				TEST_TARGET_NAME = PerfectFit;
			};
			name = Debug;
		};
		A582D4192D5C0A7D00B0EF04 /* Release */ = {
			isa = XCBuildConfiguration;
			buildSettings = {
				CODE_SIGN_STYLE = Automatic;
				CURRENT_PROJECT_VERSION = 1;
				DEVELOPMENT_TEAM = QW8SY24C8U;
				GENERATE_INFOPLIST_FILE = YES;
				MARKETING_VERSION = 1.0;
				PRODUCT_BUNDLE_IDENTIFIER = dmoney.PerfectFitUITests;
				PRODUCT_NAME = "$(TARGET_NAME)";
				SWIFT_EMIT_LOC_STRINGS = NO;
				SWIFT_VERSION = 5.0;
				TARGETED_DEVICE_FAMILY = "1,2";
				TEST_TARGET_NAME = PerfectFit;
			};
			name = Release;
		};
/* End XCBuildConfiguration section */

/* Begin XCConfigurationList section */
		A582D3E62D5C0A7B00B0EF04 /* Build configuration list for PBXProject "PerfectFit" */ = {
			isa = XCConfigurationList;
			buildConfigurations = (
				A582D40F2D5C0A7D00B0EF04 /* Debug */,
				A582D4102D5C0A7D00B0EF04 /* Release */,
			);
			defaultConfigurationIsVisible = 0;
			defaultConfigurationName = Release;
		};
		A582D4112D5C0A7D00B0EF04 /* Build configuration list for PBXNativeTarget "PerfectFit" */ = {
			isa = XCConfigurationList;
			buildConfigurations = (
				A582D4122D5C0A7D00B0EF04 /* Debug */,
				A582D4132D5C0A7D00B0EF04 /* Release */,
			);
			defaultConfigurationIsVisible = 0;
			defaultConfigurationName = Release;
		};
		A582D4142D5C0A7D00B0EF04 /* Build configuration list for PBXNativeTarget "PerfectFitTests" */ = {
			isa = XCConfigurationList;
			buildConfigurations = (
				A582D4152D5C0A7D00B0EF04 /* Debug */,
				A582D4162D5C0A7D00B0EF04 /* Release */,
			);
			defaultConfigurationIsVisible = 0;
			defaultConfigurationName = Release;
		};
		A582D4172D5C0A7D00B0EF04 /* Build configuration list for PBXNativeTarget "PerfectFitUITests" */ = {
			isa = XCConfigurationList;
			buildConfigurations = (
				A582D4182D5C0A7D00B0EF04 /* Debug */,
				A582D4192D5C0A7D00B0EF04 /* Release */,
			);
			defaultConfigurationIsVisible = 0;
			defaultConfigurationName = Release;
		};
/* End XCConfigurationList section */

/* Begin XCRemoteSwiftPackageReference section */
		A5B014262D66A98D00DAEE94 /* XCRemoteSwiftPackageReference "swift-composable-architecture" */ = {
			isa = XCRemoteSwiftPackageReference;
			repositoryURL = "https://github.com/pointfreeco/swift-composable-architecture";
			requirement = {
				kind = upToNextMajorVersion;
				minimumVersion = 1.17.1;
			};
		};
		A5BD99B02D850AAE004D8C06 /* XCRemoteSwiftPackageReference "lottie-ios" */ = {
			isa = XCRemoteSwiftPackageReference;
			repositoryURL = "https://github.com/airbnb/lottie-ios";
			requirement = {
				kind = upToNextMajorVersion;
				minimumVersion = 4.5.1;
			};
		};
/* End XCRemoteSwiftPackageReference section */

/* Begin XCSwiftPackageProductDependency section */
		A5B014282D66A9B100DAEE94 /* ComposableArchitecture */ = {
			isa = XCSwiftPackageProductDependency;
			package = A5B014262D66A98D00DAEE94 /* XCRemoteSwiftPackageReference "swift-composable-architecture" */;
			productName = ComposableArchitecture;
		};
		A5BD99B32D850CC7004D8C06 /* Lottie */ = {
			isa = XCSwiftPackageProductDependency;
			package = A5BD99B02D850AAE004D8C06 /* XCRemoteSwiftPackageReference "lottie-ios" */;
			productName = Lottie;
		};
/* End XCSwiftPackageProductDependency section */
	};
	rootObject = A582D3E32D5C0A7B00B0EF04 /* Project object */;
}
